{
  "version": 4,
  "terraform_version": "0.12.18",
  "serial": 29,
  "lineage": "446ba9cb-e94f-486c-d06a-032b0aac61ba",
  "outputs": {
    "kubeone_api": {
      "value": {
        "endpoint": "demo-api-lb-949a4266f12abff3.elb.us-east-2.amazonaws.com"
      },
      "type": [
        "object",
        {
          "endpoint": "string"
        }
      ]
    },
    "kubeone_hosts": {
      "value": {
        "control_plane": {
          "cloud_provider": "aws",
          "cluster_name": "demo",
          "hostnames": [
            "ip-172-31-12-101.us-east-2.compute.internal",
            "ip-172-31-22-144.us-east-2.compute.internal",
            "ip-172-31-46-161.us-east-2.compute.internal"
          ],
          "private_address": [
            "172.31.12.101",
            "172.31.22.144",
            "172.31.46.161"
          ],
          "public_address": [
            "18.216.234.94",
            "3.135.63.95",
            "13.59.30.118"
          ],
          "ssh_agent_socket": "env:SSH_AUTH_SOCK",
          "ssh_port": 22,
          "ssh_private_key_file": "~/demo-deployer-key.pem",
          "ssh_user": "ec2-user"
        }
      },
      "type": [
        "object",
        {
          "control_plane": [
            "object",
            {
              "cloud_provider": "string",
              "cluster_name": "string",
              "hostnames": [
                "tuple",
                [
                  "string",
                  "string",
                  "string"
                ]
              ],
              "private_address": [
                "tuple",
                [
                  "string",
                  "string",
                  "string"
                ]
              ],
              "public_address": [
                "tuple",
                [
                  "string",
                  "string",
                  "string"
                ]
              ],
              "ssh_agent_socket": "string",
              "ssh_port": "number",
              "ssh_private_key_file": "string",
              "ssh_user": "string"
            }
          ]
        }
      ]
    },
    "kubeone_workers": {
      "value": {
        "demo-pool1": {
          "providerSpec": {
            "cloudProviderSpec": {
              "ami": "ami-059d836af932792c3",
              "availabilityZone": "us-east-2a",
              "diskIops": 500,
              "diskSize": 50,
              "diskType": "gp2",
              "instanceProfile": "demo-host",
              "instanceType": "t2.micro",
              "region": "us-east-2",
              "securityGroupIDs": [
                "sg-0595ea25cfc56ef5d"
              ],
              "subnetId": "subnet-7337da18",
              "tags": {
                "demo-workers": "pool1"
              },
              "vpcId": "vpc-4de22726"
            },
            "operatingSystem": "ubuntu",
            "operatingSystemSpec": {
              "distUpgradeOnBoot": false
            },
            "sshPublicKeys": [
              "ssh-rsa AAAAB3NzaC1yc2EAAAADAQABAAACAQCxDFYubuz7ck4hqXX7Lncu8OwmMCIjq5WwqUFCxA5hj80LC7zSBm5KxwtxRXyhMwppHkbRKvxCobPaMV5J3MOpPQerdRcCv0/qKR2s/lkG45qPlvM1JYg9hyYvUH3OxVFdwioK/tzKKDdKS1rEvXEG834LY5YwYE0dZ6Cb8dcTZ84BUPIEcWHVaGhC7uy+v9U5uAVYz8jv+YZ1kvl9zdQhVChigAqW1w0+RGu8ASDhfLv2XMX3PubIxGpzHdVwJxY9awwLj+ssDsQsPOjG8PFKy62ZrZLleyOLc2TcV9QkImm4nJwnhczV+w0yuYyi72jgZcHvt8xFaL1v/puraP2ym8EwfWBt2zgAPsD5NqZbSSA3rpviei/BnY7VKBhOzV+p7BUIFnrXl6f9ntY+IXL2rBcUAHC8q32kpMiK4MOvU80rVsS805Q9I/9OVGfuGDNWddpZyDZ/m4noZ6XmJAIscOOHiVndP+m70n2Hfm9Ey1Q1lvjEM8yEjI6f7zS9WDhcdQJ02RvxHIPZJhDOo6xdCXxPWRLdPnwhTG0PC4ibzgJlUjUGwjchbF8afymJJ+cxF+J/3hCHHP3CSwXI7oJfKVzkk7bJOYKHc2iO2OKdYAK2rmcp6qym2/qYQNX3PQic6TC/3fm3eLTW8caVXbXdVZCchRq5i5Kp9uxaDNtHoQ== omar.guenena@li.me"
            ]
          },
          "replicas": 1
        }
      },
      "type": [
        "object",
        {
          "demo-pool1": [
            "object",
            {
              "providerSpec": [
                "object",
                {
                  "cloudProviderSpec": [
                    "object",
                    {
                      "ami": "string",
                      "availabilityZone": "string",
                      "diskIops": "number",
                      "diskSize": "number",
                      "diskType": "string",
                      "instanceProfile": "string",
                      "instanceType": "string",
                      "region": "string",
                      "securityGroupIDs": [
                        "tuple",
                        [
                          "string"
                        ]
                      ],
                      "subnetId": "string",
                      "tags": [
                        "object",
                        {
                          "demo-workers": "string"
                        }
                      ],
                      "vpcId": "string"
                    }
                  ],
                  "operatingSystem": "string",
                  "operatingSystemSpec": [
                    "object",
                    {
                      "distUpgradeOnBoot": "bool"
                    }
                  ],
                  "sshPublicKeys": [
                    "tuple",
                    [
                      "string"
                    ]
                  ]
                }
              ],
              "replicas": "number"
            }
          ]
        }
      ]
    }
  },
  "resources": [
    {
      "mode": "data",
      "type": "aws_ami",
      "name": "ubuntu",
      "provider": "provider.aws",
      "instances": [
        {
          "schema_version": 0,
          "attributes": {
            "architecture": "x86_64",
            "block_device_mappings": [
              {
                "device_name": "/dev/sda1",
                "ebs": {
                  "delete_on_termination": "true",
                  "encrypted": "false",
                  "iops": "0",
                  "snapshot_id": "snap-01273c49033a52354",
                  "volume_size": "8",
                  "volume_type": "gp2"
                },
                "no_device": "",
                "virtual_name": ""
              },
              {
                "device_name": "/dev/sdb",
                "ebs": {},
                "no_device": "",
                "virtual_name": "ephemeral0"
              },
              {
                "device_name": "/dev/sdc",
                "ebs": {},
                "no_device": "",
                "virtual_name": "ephemeral1"
              }
            ],
            "creation_date": "2019-11-13T19:28:18.000Z",
            "description": "Canonical, Ubuntu, 18.04 LTS, amd64 bionic image build on 2019-11-13",
            "executable_users": null,
            "filter": [
              {
                "name": "name",
                "values": [
                  "ubuntu/images/hvm-ssd/ubuntu-bionic-18.04-amd64-server-*"
                ]
              },
              {
                "name": "virtualization-type",
                "values": [
                  "hvm"
                ]
              }
            ],
            "hypervisor": "xen",
            "id": "ami-059d836af932792c3",
            "image_id": "ami-059d836af932792c3",
            "image_location": "099720109477/ubuntu/images/hvm-ssd/ubuntu-bionic-18.04-amd64-server-20191113",
            "image_owner_alias": null,
            "image_type": "machine",
            "kernel_id": null,
            "most_recent": true,
            "name": "ubuntu/images/hvm-ssd/ubuntu-bionic-18.04-amd64-server-20191113",
            "name_regex": null,
            "owner_id": "099720109477",
            "owners": [
              "099720109477"
            ],
            "platform": null,
            "product_codes": [],
            "public": true,
            "ramdisk_id": null,
            "root_device_name": "/dev/sda1",
            "root_device_type": "ebs",
            "root_snapshot_id": "snap-01273c49033a52354",
            "sriov_net_support": "simple",
            "state": "available",
            "state_reason": {
              "code": "UNSET",
              "message": "UNSET"
            },
            "tags": {},
            "virtualization_type": "hvm"
          }
        }
      ]
    },
    {
      "mode": "data",
      "type": "aws_availability_zones",
      "name": "available",
      "provider": "provider.aws",
      "instances": [
        {
          "schema_version": 0,
          "attributes": {
            "blacklisted_names": null,
            "blacklisted_zone_ids": null,
            "id": "2019-12-31 00:30:52.46449 +0000 UTC",
            "names": [
              "us-east-2a",
              "us-east-2b",
              "us-east-2c"
            ],
            "state": null,
            "zone_ids": [
              "use2-az1",
              "use2-az2",
              "use2-az3"
            ]
          }
        }
      ]
    },
    {
      "mode": "data",
      "type": "aws_subnet",
      "name": "az_a",
      "provider": "provider.aws",
      "instances": [
        {
          "schema_version": 0,
          "attributes": {
            "arn": "arn:aws:ec2:us-east-2:307219859501:subnet/subnet-7337da18",
            "assign_ipv6_address_on_creation": false,
            "availability_zone": "us-east-2a",
            "availability_zone_id": "use2-az1",
            "cidr_block": "172.31.0.0/20",
            "default_for_az": true,
            "filter": null,
            "id": "subnet-7337da18",
            "ipv6_cidr_block": null,
            "ipv6_cidr_block_association_id": null,
            "map_public_ip_on_launch": true,
            "owner_id": "307219859501",
            "state": "available",
            "tags": {},
            "vpc_id": "vpc-4de22726"
          }
        }
      ]
    },
    {
      "mode": "data",
      "type": "aws_subnet",
      "name": "az_b",
      "provider": "provider.aws",
      "instances": [
        {
          "schema_version": 0,
          "attributes": {
            "arn": "arn:aws:ec2:us-east-2:307219859501:subnet/subnet-87a8f3fd",
            "assign_ipv6_address_on_creation": false,
            "availability_zone": "us-east-2b",
            "availability_zone_id": "use2-az2",
            "cidr_block": "172.31.16.0/20",
            "default_for_az": true,
            "filter": null,
            "id": "subnet-87a8f3fd",
            "ipv6_cidr_block": null,
            "ipv6_cidr_block_association_id": null,
            "map_public_ip_on_launch": true,
            "owner_id": "307219859501",
            "state": "available",
            "tags": {},
            "vpc_id": "vpc-4de22726"
          }
        }
      ]
    },
    {
      "mode": "data",
      "type": "aws_subnet",
      "name": "az_c",
      "provider": "provider.aws",
      "instances": [
        {
          "schema_version": 0,
          "attributes": {
            "arn": "arn:aws:ec2:us-east-2:307219859501:subnet/subnet-fedf5db2",
            "assign_ipv6_address_on_creation": false,
            "availability_zone": "us-east-2c",
            "availability_zone_id": "use2-az3",
            "cidr_block": "172.31.32.0/20",
            "default_for_az": true,
            "filter": null,
            "id": "subnet-fedf5db2",
            "ipv6_cidr_block": null,
            "ipv6_cidr_block_association_id": null,
            "map_public_ip_on_launch": true,
            "owner_id": "307219859501",
            "state": "available",
            "tags": {},
            "vpc_id": "vpc-4de22726"
          }
        }
      ]
    },
    {
      "mode": "data",
      "type": "aws_subnet_ids",
      "name": "default",
      "provider": "provider.aws",
      "instances": [
        {
          "schema_version": 0,
          "attributes": {
            "filter": null,
            "id": "vpc-4de22726",
            "ids": [
              "subnet-7337da18",
              "subnet-87a8f3fd",
              "subnet-fedf5db2"
            ],
            "tags": null,
            "vpc_id": "vpc-4de22726"
          }
        }
      ]
    },
    {
      "mode": "managed",
      "type": "aws_default_vpc",
      "name": "default",
      "provider": "provider.aws",
      "instances": [
        {
          "schema_version": 1,
          "attributes": {
            "arn": "arn:aws:ec2:us-east-2:307219859501:vpc/vpc-4de22726",
            "assign_generated_ipv6_cidr_block": false,
            "cidr_block": "172.31.0.0/16",
            "default_network_acl_id": "acl-d77edebc",
            "default_route_table_id": "rtb-ca29aba1",
            "default_security_group_id": "sg-de17caba",
            "dhcp_options_id": "dopt-9d66b9f6",
            "enable_classiclink": null,
            "enable_classiclink_dns_support": null,
            "enable_dns_hostnames": true,
            "enable_dns_support": true,
            "id": "vpc-4de22726",
            "instance_tenancy": "default",
            "ipv6_association_id": "",
            "ipv6_cidr_block": "",
            "main_route_table_id": "rtb-ca29aba1",
            "owner_id": "307219859501",
            "tags": {}
          },
          "private": "eyJzY2hlbWFfdmVyc2lvbiI6IjEifQ=="
        }
      ]
    },
    {
      "mode": "managed",
      "type": "aws_iam_instance_profile",
      "name": "profile",
      "provider": "provider.aws",
      "instances": [
        {
          "schema_version": 0,
          "attributes": {
            "arn": "arn:aws:iam::307219859501:instance-profile/demo-host",
            "create_date": "2019-12-30T09:36:35Z",
            "id": "demo-host",
            "name": "demo-host",
            "name_prefix": null,
            "path": "/",
            "role": "demo-host",
            "roles": [
              "demo-host"
            ],
            "unique_id": "AIPAUPB53BAWZBDE4GC37"
          },
          "private": "bnVsbA==",
          "dependencies": [
            "aws_iam_role.role"
          ]
        }
      ]
    },
    {
      "mode": "managed",
      "type": "aws_iam_role",
      "name": "role",
      "provider": "provider.aws",
      "instances": [
        {
          "schema_version": 0,
          "attributes": {
            "arn": "arn:aws:iam::307219859501:role/demo-host",
            "assume_role_policy": "{\"Version\":\"2012-10-17\",\"Statement\":[{\"Sid\":\"\",\"Effect\":\"Allow\",\"Principal\":{\"Service\":\"ec2.amazonaws.com\"},\"Action\":\"sts:AssumeRole\"}]}",
            "create_date": "2019-12-30T09:36:28Z",
            "description": "",
            "force_detach_policies": false,
            "id": "demo-host",
            "max_session_duration": 3600,
            "name": "demo-host",
            "name_prefix": null,
            "path": "/",
            "permissions_boundary": null,
            "tags": {},
            "unique_id": "AROAUPB53BAWSWBNYY3XJ"
          },
          "private": "bnVsbA=="
        }
      ]
    },
    {
      "mode": "managed",
      "type": "aws_iam_role_policy",
      "name": "policy",
      "provider": "provider.aws",
      "instances": [
        {
          "schema_version": 0,
          "attributes": {
            "id": "demo-host:demo-host",
            "name": "demo-host",
            "name_prefix": null,
            "policy": "{\n  \"Version\": \"2012-10-17\",\n  \"Statement\": [\n    {\n      \"Effect\": \"Allow\",\n      \"Action\": [\"ec2:*\"],\n      \"Resource\": [\"*\"]\n    },\n    {\n      \"Effect\": \"Allow\",\n      \"Action\": [\"elasticloadbalancing:*\"],\n      \"Resource\": [\"*\"]\n    }\n  ]\n}\n",
            "role": "demo-host"
          },
          "private": "bnVsbA==",
          "dependencies": [
            "aws_iam_role.role"
          ]
        }
      ]
    },
    {
      "mode": "managed",
      "type": "aws_instance",
      "name": "control_plane",
      "each": "list",
      "provider": "provider.aws",
      "instances": [
        {
          "index_key": 0,
          "schema_version": 1,
          "attributes": {
            "ami": "ami-059d836af932792c3",
            "arn": "arn:aws:ec2:us-east-2:307219859501:instance/i-0c1b24b0629806888",
            "associate_public_ip_address": true,
            "availability_zone": "us-east-2a",
            "cpu_core_count": 1,
            "cpu_threads_per_core": 2,
            "credit_specification": [
              {
                "cpu_credits": "unlimited"
              }
            ],
            "disable_api_termination": false,
            "ebs_block_device": [],
            "ebs_optimized": true,
            "ephemeral_block_device": [],
            "get_password_data": false,
            "host_id": null,
            "iam_instance_profile": "demo-host",
            "id": "i-0c1b24b0629806888",
            "instance_initiated_shutdown_behavior": null,
            "instance_state": "running",
            "instance_type": "t3.micro",
            "ipv6_address_count": 0,
            "ipv6_addresses": [],
            "key_name": "demo-deployer-key",
            "monitoring": false,
            "network_interface": [],
            "network_interface_id": null,
            "password_data": "",
            "placement_group": "",
            "primary_network_interface_id": "eni-0f6c504d31d4bb219",
            "private_dns": "ip-172-31-12-101.us-east-2.compute.internal",
            "private_ip": "172.31.12.101",
            "public_dns": "ec2-18-216-234-94.us-east-2.compute.amazonaws.com",
            "public_ip": "18.216.234.94",
            "root_block_device": [
              {
                "delete_on_termination": true,
                "encrypted": false,
                "iops": 100,
                "kms_key_id": "",
                "volume_id": "vol-0c4f2e2ebc3e52f9b",
                "volume_size": 10,
                "volume_type": "gp2"
              }
            ],
            "security_groups": [
              "demo-common",
              "demo-control_planes"
            ],
            "source_dest_check": true,
            "subnet_id": "subnet-7337da18",
            "tags": {
              "Name": "demo-control_plane-1",
              "kubernetes.io/cluster/demo": "shared"
            },
            "tenancy": "default",
            "timeouts": null,
            "user_data": null,
            "user_data_base64": null,
            "volume_tags": {},
            "vpc_security_group_ids": [
              "sg-0595ea25cfc56ef5d",
              "sg-07135cf291258d098"
            ]
          },
          "private": "eyJlMmJmYjczMC1lY2FhLTExZTYtOGY4OC0zNDM2M2JjN2M0YzAiOnsiY3JlYXRlIjo2MDAwMDAwMDAwMDAsImRlbGV0ZSI6MTIwMDAwMDAwMDAwMCwidXBkYXRlIjo2MDAwMDAwMDAwMDB9LCJzY2hlbWFfdmVyc2lvbiI6IjEifQ==",
          "dependencies": [
            "aws_iam_instance_profile.profile",
            "aws_key_pair.deployer",
            "aws_security_group.common",
            "aws_security_group.control_plane"
          ]
        },
        {
          "index_key": 1,
          "schema_version": 1,
          "attributes": {
            "ami": "ami-059d836af932792c3",
            "arn": "arn:aws:ec2:us-east-2:307219859501:instance/i-0f57fad5b3a9d59c6",
            "associate_public_ip_address": true,
            "availability_zone": "us-east-2b",
            "cpu_core_count": 1,
            "cpu_threads_per_core": 2,
            "credit_specification": [
              {
                "cpu_credits": "unlimited"
              }
            ],
            "disable_api_termination": false,
            "ebs_block_device": [],
            "ebs_optimized": true,
            "ephemeral_block_device": [],
            "get_password_data": false,
            "host_id": null,
            "iam_instance_profile": "demo-host",
            "id": "i-0f57fad5b3a9d59c6",
            "instance_initiated_shutdown_behavior": null,
            "instance_state": "running",
            "instance_type": "t3.micro",
            "ipv6_address_count": 0,
            "ipv6_addresses": [],
            "key_name": "demo-deployer-key",
            "monitoring": false,
            "network_interface": [],
            "network_interface_id": null,
            "password_data": "",
            "placement_group": "",
            "primary_network_interface_id": "eni-0a48ebff313d70f3c",
            "private_dns": "ip-172-31-22-144.us-east-2.compute.internal",
            "private_ip": "172.31.22.144",
            "public_dns": "ec2-3-135-63-95.us-east-2.compute.amazonaws.com",
            "public_ip": "3.135.63.95",
            "root_block_device": [
              {
                "delete_on_termination": true,
                "encrypted": false,
                "iops": 100,
                "kms_key_id": "",
                "volume_id": "vol-023ea2a27424b284a",
                "volume_size": 10,
                "volume_type": "gp2"
              }
            ],
            "security_groups": [
              "demo-common",
              "demo-control_planes"
            ],
            "source_dest_check": true,
            "subnet_id": "subnet-87a8f3fd",
            "tags": {
              "Name": "demo-control_plane-2",
              "kubernetes.io/cluster/demo": "shared"
            },
            "tenancy": "default",
            "timeouts": null,
            "user_data": null,
            "user_data_base64": null,
            "volume_tags": {},
            "vpc_security_group_ids": [
              "sg-0595ea25cfc56ef5d",
              "sg-07135cf291258d098"
            ]
          },
          "private": "eyJlMmJmYjczMC1lY2FhLTExZTYtOGY4OC0zNDM2M2JjN2M0YzAiOnsiY3JlYXRlIjo2MDAwMDAwMDAwMDAsImRlbGV0ZSI6MTIwMDAwMDAwMDAwMCwidXBkYXRlIjo2MDAwMDAwMDAwMDB9LCJzY2hlbWFfdmVyc2lvbiI6IjEifQ==",
          "dependencies": [
            "aws_iam_instance_profile.profile",
            "aws_key_pair.deployer",
            "aws_security_group.common",
            "aws_security_group.control_plane"
          ]
        },
        {
          "index_key": 2,
          "schema_version": 1,
          "attributes": {
            "ami": "ami-059d836af932792c3",
            "arn": "arn:aws:ec2:us-east-2:307219859501:instance/i-02a4b6afa980477f9",
            "associate_public_ip_address": true,
            "availability_zone": "us-east-2c",
            "cpu_core_count": 1,
            "cpu_threads_per_core": 2,
            "credit_specification": [
              {
                "cpu_credits": "unlimited"
              }
            ],
            "disable_api_termination": false,
            "ebs_block_device": [],
            "ebs_optimized": true,
            "ephemeral_block_device": [],
            "get_password_data": false,
            "host_id": null,
            "iam_instance_profile": "demo-host",
            "id": "i-02a4b6afa980477f9",
            "instance_initiated_shutdown_behavior": null,
            "instance_state": "running",
            "instance_type": "t3.micro",
            "ipv6_address_count": 0,
            "ipv6_addresses": [],
            "key_name": "demo-deployer-key",
            "monitoring": false,
            "network_interface": [],
            "network_interface_id": null,
            "password_data": "",
            "placement_group": "",
            "primary_network_interface_id": "eni-0195f8caaddd10d04",
            "private_dns": "ip-172-31-46-161.us-east-2.compute.internal",
            "private_ip": "172.31.46.161",
            "public_dns": "ec2-13-59-30-118.us-east-2.compute.amazonaws.com",
            "public_ip": "13.59.30.118",
            "root_block_device": [
              {
                "delete_on_termination": true,
                "encrypted": false,
                "iops": 100,
                "kms_key_id": "",
                "volume_id": "vol-022172f8c6f2f238c",
                "volume_size": 10,
                "volume_type": "gp2"
              }
            ],
            "security_groups": [
              "demo-common",
              "demo-control_planes"
            ],
            "source_dest_check": true,
            "subnet_id": "subnet-fedf5db2",
            "tags": {
              "Name": "demo-control_plane-3",
              "kubernetes.io/cluster/demo": "shared"
            },
            "tenancy": "default",
            "timeouts": null,
            "user_data": null,
            "user_data_base64": null,
            "volume_tags": {},
            "vpc_security_group_ids": [
              "sg-0595ea25cfc56ef5d",
              "sg-07135cf291258d098"
            ]
          },
          "private": "eyJlMmJmYjczMC1lY2FhLTExZTYtOGY4OC0zNDM2M2JjN2M0YzAiOnsiY3JlYXRlIjo2MDAwMDAwMDAwMDAsImRlbGV0ZSI6MTIwMDAwMDAwMDAwMCwidXBkYXRlIjo2MDAwMDAwMDAwMDB9LCJzY2hlbWFfdmVyc2lvbiI6IjEifQ==",
          "dependencies": [
            "aws_iam_instance_profile.profile",
            "aws_key_pair.deployer",
            "aws_security_group.common",
            "aws_security_group.control_plane"
          ]
        }
      ]
    },
    {
      "mode": "managed",
      "type": "aws_key_pair",
      "name": "deployer",
      "provider": "provider.aws",
      "instances": [
        {
          "schema_version": 1,
          "attributes": {
            "fingerprint": "3e:2d:a4:a8:e2:31:d2:bf:73:06:eb:76:fe:f1:fc:3f:cf:34:cc:1f",
            "id": "demo-deployer-key",
            "key_name": "demo-deployer-key",
            "key_name_prefix": null,
            "public_key": "ssh-rsa AAAAB3NzaC1yc2EAAAADAQABAAACAQCxDFYubuz7ck4hqXX7Lncu8OwmMCIjq5WwqUFCxA5hj80LC7zSBm5KxwtxRXyhMwppHkbRKvxCobPaMV5J3MOpPQerdRcCv0/qKR2s/lkG45qPlvM1JYg9hyYvUH3OxVFdwioK/tzKKDdKS1rEvXEG834LY5YwYE0dZ6Cb8dcTZ84BUPIEcWHVaGhC7uy+v9U5uAVYz8jv+YZ1kvl9zdQhVChigAqW1w0+RGu8ASDhfLv2XMX3PubIxGpzHdVwJxY9awwLj+ssDsQsPOjG8PFKy62ZrZLleyOLc2TcV9QkImm4nJwnhczV+w0yuYyi72jgZcHvt8xFaL1v/puraP2ym8EwfWBt2zgAPsD5NqZbSSA3rpviei/BnY7VKBhOzV+p7BUIFnrXl6f9ntY+IXL2rBcUAHC8q32kpMiK4MOvU80rVsS805Q9I/9OVGfuGDNWddpZyDZ/m4noZ6XmJAIscOOHiVndP+m70n2Hfm9Ey1Q1lvjEM8yEjI6f7zS9WDhcdQJ02RvxHIPZJhDOo6xdCXxPWRLdPnwhTG0PC4ibzgJlUjUGwjchbF8afymJJ+cxF+J/3hCHHP3CSwXI7oJfKVzkk7bJOYKHc2iO2OKdYAK2rmcp6qym2/qYQNX3PQic6TC/3fm3eLTW8caVXbXdVZCchRq5i5Kp9uxaDNtHoQ== omar.guenena@li.me"
          },
          "private": "eyJzY2hlbWFfdmVyc2lvbiI6IjEifQ=="
        }
      ]
    },
    {
      "mode": "managed",
      "type": "aws_lb",
      "name": "control_plane",
      "provider": "provider.aws",
      "instances": [
        {
          "schema_version": 0,
          "attributes": {
            "access_logs": [
              {
                "bucket": "",
                "enabled": false,
                "prefix": ""
              }
            ],
            "arn": "arn:aws:elasticloadbalancing:us-east-2:307219859501:loadbalancer/net/demo-api-lb/949a4266f12abff3",
            "arn_suffix": "net/demo-api-lb/949a4266f12abff3",
            "dns_name": "demo-api-lb-949a4266f12abff3.elb.us-east-2.amazonaws.com",
            "enable_cross_zone_load_balancing": false,
            "enable_deletion_protection": false,
            "enable_http2": null,
            "id": "arn:aws:elasticloadbalancing:us-east-2:307219859501:loadbalancer/net/demo-api-lb/949a4266f12abff3",
            "idle_timeout": null,
            "internal": false,
            "ip_address_type": "ipv4",
            "load_balancer_type": "network",
            "name": "demo-api-lb",
            "name_prefix": null,
            "security_groups": [],
            "subnet_mapping": [
              {
                "allocation_id": "",
                "subnet_id": "subnet-7337da18"
              },
              {
                "allocation_id": "",
                "subnet_id": "subnet-87a8f3fd"
              },
              {
                "allocation_id": "",
                "subnet_id": "subnet-fedf5db2"
              }
            ],
            "subnets": [
              "subnet-7337da18",
              "subnet-87a8f3fd",
              "subnet-fedf5db2"
            ],
            "tags": {
              "Cluster": "demo",
              "kubernetes.io/cluster/demo": "shared"
            },
            "timeouts": null,
            "vpc_id": "vpc-4de22726",
            "zone_id": "ZLMOA37VPKANP"
          },
          "private": "eyJlMmJmYjczMC1lY2FhLTExZTYtOGY4OC0zNDM2M2JjN2M0YzAiOnsiY3JlYXRlIjo2MDAwMDAwMDAwMDAsImRlbGV0ZSI6NjAwMDAwMDAwMDAwLCJ1cGRhdGUiOjYwMDAwMDAwMDAwMH19",
          "dependencies": [
            "aws_default_vpc.default"
          ]
        }
      ]
    },
    {
      "mode": "managed",
      "type": "aws_lb_listener",
      "name": "control_plane_api",
      "provider": "provider.aws",
      "instances": [
        {
          "schema_version": 0,
          "attributes": {
            "arn": "arn:aws:elasticloadbalancing:us-east-2:307219859501:listener/net/demo-api-lb/949a4266f12abff3/f67139f41a154108",
            "certificate_arn": null,
            "default_action": [
              {
                "authenticate_cognito": [],
                "authenticate_oidc": [],
                "fixed_response": [],
                "order": 1,
                "redirect": [],
                "target_group_arn": "arn:aws:elasticloadbalancing:us-east-2:307219859501:targetgroup/demo-api/000992733ada9367",
                "type": "forward"
              }
            ],
            "id": "arn:aws:elasticloadbalancing:us-east-2:307219859501:listener/net/demo-api-lb/949a4266f12abff3/f67139f41a154108",
            "load_balancer_arn": "arn:aws:elasticloadbalancing:us-east-2:307219859501:loadbalancer/net/demo-api-lb/949a4266f12abff3",
            "port": 6443,
            "protocol": "TCP",
            "ssl_policy": "",
            "timeouts": null
          },
          "private": "eyJlMmJmYjczMC1lY2FhLTExZTYtOGY4OC0zNDM2M2JjN2M0YzAiOnsicmVhZCI6NjAwMDAwMDAwMDAwfX0=",
          "dependencies": [
            "aws_default_vpc.default",
            "aws_lb.control_plane",
            "aws_lb_target_group.control_plane_api"
          ]
        }
      ]
    },
    {
      "mode": "managed",
      "type": "aws_lb_target_group",
      "name": "control_plane_api",
      "provider": "provider.aws",
      "instances": [
        {
          "schema_version": 0,
          "attributes": {
            "arn": "arn:aws:elasticloadbalancing:us-east-2:307219859501:targetgroup/demo-api/000992733ada9367",
            "arn_suffix": "targetgroup/demo-api/000992733ada9367",
            "deregistration_delay": 300,
            "health_check": [
              {
                "enabled": true,
                "healthy_threshold": 3,
                "interval": 30,
                "matcher": "",
                "path": "",
                "port": "traffic-port",
                "protocol": "TCP",
                "timeout": 10,
                "unhealthy_threshold": 3
              }
            ],
            "id": "arn:aws:elasticloadbalancing:us-east-2:307219859501:targetgroup/demo-api/000992733ada9367",
            "lambda_multi_value_headers_enabled": false,
            "name": "demo-api",
            "name_prefix": null,
            "port": 6443,
            "protocol": "TCP",
            "proxy_protocol_v2": false,
            "slow_start": 0,
            "stickiness": [],
            "tags": {},
            "target_type": "instance",
            "vpc_id": "vpc-4de22726"
          },
          "private": "bnVsbA==",
          "dependencies": [
            "aws_default_vpc.default"
          ]
        }
      ]
    },
    {
      "mode": "managed",
      "type": "aws_lb_target_group_attachment",
      "name": "control_plane_api",
      "each": "list",
      "provider": "provider.aws",
      "instances": [
        {
          "index_key": 0,
          "schema_version": 0,
          "attributes": {
            "availability_zone": null,
            "id": "arn:aws:elasticloadbalancing:us-east-2:307219859501:targetgroup/demo-api/000992733ada9367-20191230234850790700000003",
            "port": 6443,
            "target_group_arn": "arn:aws:elasticloadbalancing:us-east-2:307219859501:targetgroup/demo-api/000992733ada9367",
            "target_id": "i-0c1b24b0629806888"
          },
          "private": "bnVsbA==",
          "dependencies": [
            "aws_iam_instance_profile.profile",
            "aws_instance.control_plane",
            "aws_key_pair.deployer",
            "aws_lb_target_group.control_plane_api",
            "aws_security_group.common",
            "aws_security_group.control_plane"
          ]
        },
        {
          "index_key": 1,
          "schema_version": 0,
          "attributes": {
            "availability_zone": null,
            "id": "arn:aws:elasticloadbalancing:us-east-2:307219859501:targetgroup/demo-api/000992733ada9367-20191230234850615800000002",
            "port": 6443,
            "target_group_arn": "arn:aws:elasticloadbalancing:us-east-2:307219859501:targetgroup/demo-api/000992733ada9367",
            "target_id": "i-0f57fad5b3a9d59c6"
          },
          "private": "bnVsbA==",
          "dependencies": [
            "aws_iam_instance_profile.profile",
            "aws_instance.control_plane",
            "aws_key_pair.deployer",
            "aws_lb_target_group.control_plane_api",
            "aws_security_group.common",
            "aws_security_group.control_plane"
          ]
        },
        {
          "index_key": 2,
          "schema_version": 0,
          "attributes": {
            "availability_zone": null,
            "id": "arn:aws:elasticloadbalancing:us-east-2:307219859501:targetgroup/demo-api/000992733ada9367-20191230234850542400000001",
            "port": 6443,
            "target_group_arn": "arn:aws:elasticloadbalancing:us-east-2:307219859501:targetgroup/demo-api/000992733ada9367",
            "target_id": "i-02a4b6afa980477f9"
          },
          "private": "bnVsbA==",
          "dependencies": [
            "aws_iam_instance_profile.profile",
            "aws_instance.control_plane",
            "aws_key_pair.deployer",
            "aws_lb_target_group.control_plane_api",
            "aws_security_group.common",
            "aws_security_group.control_plane"
          ]
        }
      ]
    },
    {
      "mode": "managed",
      "type": "aws_security_group",
      "name": "common",
      "provider": "provider.aws",
      "instances": [
        {
          "schema_version": 1,
          "attributes": {
            "arn": "arn:aws:ec2:us-east-2:307219859501:security-group/sg-0595ea25cfc56ef5d",
            "description": "cluster common rules",
            "egress": [
              {
                "cidr_blocks": [
                  "0.0.0.0/0"
                ],
                "description": "",
                "from_port": 0,
                "ipv6_cidr_blocks": [],
                "prefix_list_ids": [],
                "protocol": "-1",
                "security_groups": [],
                "self": false,
                "to_port": 0
              }
            ],
            "id": "sg-0595ea25cfc56ef5d",
            "ingress": [
              {
                "cidr_blocks": [
                  "0.0.0.0/0"
                ],
                "description": "",
                "from_port": 22,
                "ipv6_cidr_blocks": [],
                "prefix_list_ids": [],
                "protocol": "tcp",
                "security_groups": [],
                "self": false,
                "to_port": 22
              },
              {
                "cidr_blocks": [],
                "description": "",
                "from_port": 0,
                "ipv6_cidr_blocks": [],
                "prefix_list_ids": [],
                "protocol": "-1",
                "security_groups": [],
                "self": true,
                "to_port": 0
              }
            ],
            "name": "demo-common",
            "name_prefix": null,
            "owner_id": "307219859501",
            "revoke_rules_on_delete": false,
            "tags": {
              "kubernetes.io/cluster/demo": "shared"
            },
            "timeouts": null,
            "vpc_id": "vpc-4de22726"
          },
          "private": "eyJlMmJmYjczMC1lY2FhLTExZTYtOGY4OC0zNDM2M2JjN2M0YzAiOnsiY3JlYXRlIjo2MDAwMDAwMDAwMDAsImRlbGV0ZSI6NjAwMDAwMDAwMDAwfSwic2NoZW1hX3ZlcnNpb24iOiIxIn0=",
          "dependencies": [
            "aws_default_vpc.default"
          ]
        }
      ]
    },
    {
      "mode": "managed",
      "type": "aws_security_group",
      "name": "control_plane",
      "provider": "provider.aws",
      "instances": [
        {
          "schema_version": 1,
          "attributes": {
            "arn": "arn:aws:ec2:us-east-2:307219859501:security-group/sg-07135cf291258d098",
            "description": "cluster control_planes",
            "egress": [],
            "id": "sg-07135cf291258d098",
            "ingress": [
              {
                "cidr_blocks": [
                  "0.0.0.0/0"
                ],
                "description": "",
                "from_port": 6443,
                "ipv6_cidr_blocks": [],
                "prefix_list_ids": [],
                "protocol": "tcp",
                "security_groups": [],
                "self": false,
                "to_port": 6443
              }
            ],
            "name": "demo-control_planes",
            "name_prefix": null,
            "owner_id": "307219859501",
            "revoke_rules_on_delete": false,
            "tags": {
              "kubernetes.io/cluster/demo": "shared"
            },
            "timeouts": null,
            "vpc_id": "vpc-4de22726"
          },
          "private": "eyJlMmJmYjczMC1lY2FhLTExZTYtOGY4OC0zNDM2M2JjN2M0YzAiOnsiY3JlYXRlIjo2MDAwMDAwMDAwMDAsImRlbGV0ZSI6NjAwMDAwMDAwMDAwfSwic2NoZW1hX3ZlcnNpb24iOiIxIn0=",
          "dependencies": [
            "aws_default_vpc.default"
          ]
        }
      ]
    }
  ]
}
